
Microsoft Visual Studio Solution File, Format Version 12.00
# Visual Studio Version 16
VisualStudioVersion = 16.0.30907.101
MinimumVisualStudioVersion = 10.0.40219.1
Project("{9A19103F-16F7-4668-BE54-9A1E7A4F7556}") = "Async and Await", "Async and Await\Async and Await.csproj", "{C6C6E897-E3EA-42E9-9F56-FCDC40649EA3}"
EndProject
Project("{9A19103F-16F7-4668-BE54-9A1E7A4F7556}") = "Asymc Symbols", "Asymc Symbols\Asymc Symbols.csproj", "{F9957655-CAA0-4958-89BD-6187B7F862CF}"
EndProject
Project("{FAE04EC0-301F-11D3-BF4B-00C04F79EFBC}") = "Async Return Types", "Async Return Types\Async Return Types.csproj", "{A8EE731A-0E18-4893-93C4-96B6C440F9D6}"
EndProject
Global
	GlobalSection(SolutionConfigurationPlatforms) = preSolution
		Debug|Any CPU = Debug|Any CPU
		Release|Any CPU = Release|Any CPU
	EndGlobalSection
	GlobalSection(ProjectConfigurationPlatforms) = postSolution
		{C6C6E897-E3EA-42E9-9F56-FCDC40649EA3}.Debug|Any CPU.ActiveCfg = Debug|Any CPU
		{C6C6E897-E3EA-42E9-9F56-FCDC40649EA3}.Debug|Any CPU.Build.0 = Debug|Any CPU
		{C6C6E897-E3EA-42E9-9F56-FCDC40649EA3}.Release|Any CPU.ActiveCfg = Release|Any CPU
		{C6C6E897-E3EA-42E9-9F56-FCDC40649EA3}.Release|Any CPU.Build.0 = Release|Any CPU
		{F9957655-CAA0-4958-89BD-6187B7F862CF}.Debug|Any CPU.ActiveCfg = Debug|Any CPU
		{F9957655-CAA0-4958-89BD-6187B7F862CF}.Debug|Any CPU.Build.0 = Debug|Any CPU
		{F9957655-CAA0-4958-89BD-6187B7F862CF}.Release|Any CPU.ActiveCfg = Release|Any CPU
		{F9957655-CAA0-4958-89BD-6187B7F862CF}.Release|Any CPU.Build.0 = Release|Any CPU
		{A8EE731A-0E18-4893-93C4-96B6C440F9D6}.Debug|Any CPU.ActiveCfg = Debug|Any CPU
		{A8EE731A-0E18-4893-93C4-96B6C440F9D6}.Debug|Any CPU.Build.0 = Debug|Any CPU
		{A8EE731A-0E18-4893-93C4-96B6C440F9D6}.Release|Any CPU.ActiveCfg = Release|Any CPU
		{A8EE731A-0E18-4893-93C4-96B6C440F9D6}.Release|Any CPU.Build.0 = Release|Any CPU
	EndGlobalSection
	GlobalSection(SolutionProperties) = preSolution
		HideSolutionNode = FALSE
	EndGlobalSection
	GlobalSection(ExtensibilityGlobals) = postSolution
		SolutionGuid = {BEE59C16-9764-48E8-8483-290CF6C0C4FB}
	EndGlobalSection
EndGlobal
